{
  "name": "writeincsvfile",
  "version": "1.0.0",
  "lockfileVersion": 1,
  "requires": true,
  "dependencies": {
    "async-csv": {
      "version": "2.1.3",
      "resolved": "https://registry.npmjs.org/async-csv/-/async-csv-2.1.3.tgz",
      "integrity": "sha512-mpsCN+D7mzZeqrlDw7UTPhvDQDlx1i819E9fbKIt8drkgED5FSOlBv3Rk/+sXdevnO2wwlRkVOQ4kdT0AyqPqQ==",
      "requires": {
        "csv": "^5.1.3"
      },
      "dependencies": {
        "csv": {
          "version": "5.5.3",
          "resolved": "https://registry.npmjs.org/csv/-/csv-5.5.3.tgz",
          "integrity": "sha512-QTaY0XjjhTQOdguARF0lGKm5/mEq9PD9/VhZZegHDIBq2tQwgNpHc3dneD4mGo2iJs+fTKv5Bp0fZ+BRuY3Z0g==",
          "requires": {
            "csv-generate": "^3.4.3",
            "csv-parse": "^4.16.3",
            "csv-stringify": "^5.6.5",
            "stream-transform": "^2.1.3"
          }
        },
        "csv-generate": {
          "version": "3.4.3",
          "resolved": "https://registry.npmjs.org/csv-generate/-/csv-generate-3.4.3.tgz",
          "integrity": "sha512-w/T+rqR0vwvHqWs/1ZyMDWtHHSJaN06klRqJXBEpDJaM/+dZkso0OKh1VcuuYvK3XM53KysVNq8Ko/epCK8wOw=="
        },
        "csv-parse": {
          "version": "4.16.3",
          "resolved": "https://registry.npmjs.org/csv-parse/-/csv-parse-4.16.3.tgz",
          "integrity": "sha512-cO1I/zmz4w2dcKHVvpCr7JVRu8/FymG5OEpmvsZYlccYolPBLoVGKUHgNoc4ZGkFeFlWGEDmMyBM+TTqRdW/wg=="
        },
        "csv-stringify": {
          "version": "5.6.5",
          "resolved": "https://registry.npmjs.org/csv-stringify/-/csv-stringify-5.6.5.tgz",
          "integrity": "sha512-PjiQ659aQ+fUTQqSrd1XEDnOr52jh30RBurfzkscaE2tPaFsDH5wOAHJiw8XAHphRknCwMUE9KRayc4K/NbO8A=="
        },
        "stream-transform": {
          "version": "2.1.3",
          "resolved": "https://registry.npmjs.org/stream-transform/-/stream-transform-2.1.3.tgz",
          "integrity": "sha512-9GHUiM5hMiCi6Y03jD2ARC1ettBXkQBoQAe7nJsPknnI0ow10aXjTnew8QtYQmLjzn974BnmWEAJgCY6ZP1DeQ==",
          "requires": {
            "mixme": "^0.5.1"
          }
        }
      }
    },
    "colorette": {
      "version": "1.2.1",
      "resolved": "https://registry.npmjs.org/colorette/-/colorette-1.2.1.tgz",
      "integrity": "sha512-puCDz0CzydiSYOrnXpz/PKd69zRrribezjtE9yd4zvytoRc8+RY/KJPvtPFKZS3E3wP6neGyMe0vOTlHO5L3Pw=="
    },
    "commander": {
      "version": "7.2.0",
      "resolved": "https://registry.npmjs.org/commander/-/commander-7.2.0.tgz",
      "integrity": "sha512-QrWXB+ZQSVPmIWIhtEO9H+gwHaMGYiF5ChvoJ+K9ZGHG/sVsa6yiesAD1GC/x46sET00Xlwo1u49RVVVzvcSkw=="
    },
    "csv": {
      "version": "6.1.2",
      "resolved": "https://registry.npmjs.org/csv/-/csv-6.1.2.tgz",
      "integrity": "sha512-SaG1r+VUc/KsvYHwJn7JC3fAzCIMbBaj6zH0Nj6IFQjNePMfm9HUl55uJ90elP2uRxxmbUy/uN+C2WOj4NOBfA==",
      "requires": {
        "csv-generate": "^4.1.0",
        "csv-parse": "^5.2.0",
        "csv-stringify": "^6.1.2",
        "stream-transform": "^3.1.0"
      }
    },
    "csv-generate": {
      "version": "4.1.0",
      "resolved": "https://registry.npmjs.org/csv-generate/-/csv-generate-4.1.0.tgz",
      "integrity": "sha512-Z17wI0xmDfpwzB7lShyK7INBt0YMyh5kV7svWTwsBSOa30T6Lq1fHHasmSCtf2rRTI7GnTk52HQRYBk0ToAXQQ=="
    },
    "csv-parse": {
      "version": "5.2.0",
      "resolved": "https://registry.npmjs.org/csv-parse/-/csv-parse-5.2.0.tgz",
      "integrity": "sha512-ZuLjTp3Qx2gycoB7FKS9q11KgDL3f0wQszTlNOajS3fHa0jypN/zgjmkam+rczX5dXw5z7+KrDW2hWkM4542Ug=="
    },
    "csv-stringify": {
      "version": "6.1.2",
      "resolved": "https://registry.npmjs.org/csv-stringify/-/csv-stringify-6.1.2.tgz",
      "integrity": "sha512-7a10seDecJedfVcqvJwcO8b91XJr6O5I+hT0g9HaX/sz2+gmZHfzc+kH2RpCY8ke+5SVWbE2crIEAMNH6jeATg=="
    },
    "debug": {
      "version": "4.3.2",
      "resolved": "https://registry.npmjs.org/debug/-/debug-4.3.2.tgz",
      "integrity": "sha512-mOp8wKcvj7XxC78zLgw/ZA+6TSgkoE2C/ienthhRD298T7UNwAg9diBpLRxC0mOezLl4B0xV7M0cCO6P/O0Xhw==",
      "requires": {
        "ms": "2.1.2"
      }
    },
    "dotenv": {
      "version": "16.0.1",
      "resolved": "https://registry.npmjs.org/dotenv/-/dotenv-16.0.1.tgz",
      "integrity": "sha512-1K6hR6wtk2FviQ4kEiSjFiH5rpzEVi8WW0x96aztHVMhEspNpc4DVOUTEHtEva5VThQ8IaBX1Pe4gSzpVVUsKQ=="
    },
    "escalade": {
      "version": "3.1.1",
      "resolved": "https://registry.npmjs.org/escalade/-/escalade-3.1.1.tgz",
      "integrity": "sha512-k0er2gUkLf8O0zKJiAhmkTnJlTvINGv7ygDNPbeIsX/TJjGJZHuh9B2UxbsaEkmlEo9MfhrSzmhIlhRlI2GXnw=="
    },
    "esm": {
      "version": "3.2.25",
      "resolved": "https://registry.npmjs.org/esm/-/esm-3.2.25.tgz",
      "integrity": "sha512-U1suiZ2oDVWv4zPO56S0NcR5QriEahGtdN2OR6FiOG4WJvcjBVFB0qI4+eKoWFH483PKGuLuu6V8Z4T5g63UVA=="
    },
    "function-bind": {
      "version": "1.1.1",
      "resolved": "https://registry.npmjs.org/function-bind/-/function-bind-1.1.1.tgz",
      "integrity": "sha512-yIovAzMX49sF8Yl58fSCWJ5svSLuaibPxXQJFLmBObTuCr0Mf1KiPopGM9NiFjiYBCbfaa2Fh6breQ6ANVTI0A=="
    },
    "getopts": {
      "version": "2.2.5",
      "resolved": "https://registry.npmjs.org/getopts/-/getopts-2.2.5.tgz",
      "integrity": "sha512-9jb7AW5p3in+IiJWhQiZmmwkpLaR/ccTWdWQCtZM66HJcHHLegowh4q4tSD7gouUyeNvFWRavfK9GXosQHDpFA=="
    },
    "has": {
      "version": "1.0.3",
      "resolved": "https://registry.npmjs.org/has/-/has-1.0.3.tgz",
      "integrity": "sha512-f2dvO0VU6Oej7RkWJGrehjbzMAjFp5/VKPp5tTpWIV4JHHZK1/BxbFRtf/siA2SWTe09caDmVtYYzWEIbBS4zw==",
      "requires": {
        "function-bind": "^1.1.1"
      }
    },
    "interpret": {
      "version": "2.2.0",
      "resolved": "https://registry.npmjs.org/interpret/-/interpret-2.2.0.tgz",
      "integrity": "sha512-Ju0Bz/cEia55xDwUWEa8+olFpCiQoypjnQySseKtmjNrnps3P+xfpUmGr90T7yjlVJmOtybRvPXhKMbHr+fWnw=="
    },
    "is-core-module": {
      "version": "2.9.0",
      "resolved": "https://registry.npmjs.org/is-core-module/-/is-core-module-2.9.0.tgz",
      "integrity": "sha512-+5FPy5PnwmO3lvfMb0AsoPaBG+5KHUI0wYFXOtYPnVVVspTFUuMZNfNaNVRt3FZadstu2c8x23vykRW/NBoU6A==",
      "requires": {
        "has": "^1.0.3"
      }
    },
    "knex": {
      "version": "0.95.10",
      "resolved": "https://registry.npmjs.org/knex/-/knex-0.95.10.tgz",
      "integrity": "sha512-I60A8TXcMdeJlE6h7DSgEYyY37S7kgLObz1qlJ7QvPMD6vnKO5dtuLEht5pMia9Qf5BomqVgkWCdVTqcC/ImOA==",
      "requires": {
        "colorette": "1.2.1",
        "commander": "^7.1.0",
        "debug": "4.3.2",
        "escalade": "^3.1.1",
        "esm": "^3.2.25",
        "getopts": "2.2.5",
        "interpret": "^2.2.0",
        "lodash": "^4.17.21",
        "pg-connection-string": "2.5.0",
        "rechoir": "0.7.0",
        "resolve-from": "^5.0.0",
        "tarn": "^3.0.1",
        "tildify": "2.0.0"
      }
    },
    "lodash": {
      "version": "4.17.21",
      "resolved": "https://registry.npmjs.org/lodash/-/lodash-4.17.21.tgz",
      "integrity": "sha512-v2kDEe57lecTulaDIuNTPy3Ry4gLGJ6Z1O3vE1krgXZNrsQ+LFTGHVxVjcXPs17LhbZVGedAJv8XZ1tvj5FvSg=="
    },
    "mixme": {
      "version": "0.5.4",
      "resolved": "https://registry.npmjs.org/mixme/-/mixme-0.5.4.tgz",
      "integrity": "sha512-3KYa4m4Vlqx98GPdOHghxSdNtTvcP8E0kkaJ5Dlh+h2DRzF7zpuVVcA8B0QpKd11YJeP9QQ7ASkKzOeu195Wzw=="
    },
    "ms": {
      "version": "2.1.2",
      "resolved": "https://registry.npmjs.org/ms/-/ms-2.1.2.tgz",
      "integrity": "sha512-sGkPx+VjMtmA6MX27oA4FBFELFCZZ4S4XqeGOXCv68tT+jb3vk/RyaKWP0PTKyWtmLSM0b+adUTEvbs1PEaH2w=="
    },
    "nan": {
      "version": "2.5.1",
      "resolved": "https://registry.npmjs.org/nan/-/nan-2.5.1.tgz",
      "integrity": "sha512-Mvo2RwemW12NRql4qU21+Sdtu8CAfn2RaCp8+p6N+4oQQvAM1DfO9R/ZyJOJaLdsMLHw84WJEo2AKZar4KANXA=="
    },
    "objects-to-csv": {
      "version": "1.3.6",
      "resolved": "https://registry.npmjs.org/objects-to-csv/-/objects-to-csv-1.3.6.tgz",
      "integrity": "sha512-383eSpS3hmgCksW85KIqBtcbgSW5DDVsCmzLoM6C3q4yzOX2rmtWxF4pbLJ76fz+ufA+4/SwAT4QdaY6IUWmAg==",
      "requires": {
        "async-csv": "^2.1.3"
      }
    },
    "oracledb": {
      "version": "1.13.1",
      "resolved": "https://registry.npmjs.org/oracledb/-/oracledb-1.13.1.tgz",
      "integrity": "sha512-JyhrG+sAMe69eXYmuNVXwMi62G48L75+9/vvCC8QEdYaLHDeyBtZAq0Oh0C7keHewsM4hGDTSL/ypaILI8yHNA==",
      "requires": {
        "nan": "~2.5.0"
      }
    },
    "path-parse": {
      "version": "1.0.7",
      "resolved": "https://registry.npmjs.org/path-parse/-/path-parse-1.0.7.tgz",
      "integrity": "sha512-LDJzPVEEEPR+y48z93A0Ed0yXb8pAByGWo/k5YYdYgpY2/2EsOsksJrq7lOHxryrVOn1ejG6oAp8ahvOIQD8sw=="
    },
    "pg-connection-string": {
      "version": "2.5.0",
      "resolved": "https://registry.npmjs.org/pg-connection-string/-/pg-connection-string-2.5.0.tgz",
      "integrity": "sha512-r5o/V/ORTA6TmUnyWZR9nCj1klXCO2CEKNRlVuJptZe85QuhFayC7WeMic7ndayT5IRIR0S0xFxFi2ousartlQ=="
    },
    "rechoir": {
      "version": "0.7.0",
      "resolved": "https://registry.npmjs.org/rechoir/-/rechoir-0.7.0.tgz",
      "integrity": "sha512-ADsDEH2bvbjltXEP+hTIAmeFekTFK0V2BTxMkok6qILyAJEXV0AFfoWcAq4yfll5VdIMd/RVXq0lR+wQi5ZU3Q==",
      "requires": {
        "resolve": "^1.9.0"
      }
    },
    "resolve": {
      "version": "1.22.0",
      "resolved": "https://registry.npmjs.org/resolve/-/resolve-1.22.0.tgz",
      "integrity": "sha512-Hhtrw0nLeSrFQ7phPp4OOcVjLPIeMnRlr5mcnVuMe7M/7eBn98A3hmFRLoFo3DLZkivSYwhRUJTyPyWAk56WLw==",
      "requires": {
        "is-core-module": "^2.8.1",
        "path-parse": "^1.0.7",
        "supports-preserve-symlinks-flag": "^1.0.0"
      }
    },
    "resolve-from": {
      "version": "5.0.0",
      "resolved": "https://registry.npmjs.org/resolve-from/-/resolve-from-5.0.0.tgz",
      "integrity": "sha512-qYg9KP24dD5qka9J47d0aVky0N+b4fTU89LN9iDnjB5waksiC49rvMB0PrUJQGoTmH50XPiqOvAjDfaijGxYZw=="
    },
    "stream-transform": {
      "version": "3.1.0",
      "resolved": "https://registry.npmjs.org/stream-transform/-/stream-transform-3.1.0.tgz",
      "integrity": "sha512-ncT/rST/M2N2zGLacJmeB7TNq/XS8Ck0xqvhYX6bgLwSPTSZLVFCSvNnwTU+RYhk9fAfwzCkYH9I5kdgcDMvfw=="
    },
    "supports-preserve-symlinks-flag": {
      "version": "1.0.0",
      "resolved": "https://registry.npmjs.org/supports-preserve-symlinks-flag/-/supports-preserve-symlinks-flag-1.0.0.tgz",
      "integrity": "sha512-ot0WnXS9fgdkgIcePe6RHNk1WA8+muPa6cSjeR3V8K27q9BB1rTE3R1p7Hv0z1ZyAc8s6Vvv8DIyWf681MAt0w=="
    },
    "tarn": {
      "version": "3.0.2",
      "resolved": "https://registry.npmjs.org/tarn/-/tarn-3.0.2.tgz",
      "integrity": "sha512-51LAVKUSZSVfI05vjPESNc5vwqqZpbXCsU+/+wxlOrUjk2SnFTt97v9ZgQrD4YmxYW1Px6w2KjaDitCfkvgxMQ=="
    },
    "tildify": {
      "version": "2.0.0",
      "resolved": "https://registry.npmjs.org/tildify/-/tildify-2.0.0.tgz",
      "integrity": "sha512-Cc+OraorugtXNfs50hU9KS369rFXCfgGLpfCfvlc+Ud5u6VWmUQsOAa9HbTvheQdYnrdJqqv1e5oIqXppMYnSw=="
    }
  }
}
